// !$*UTF8*$!
{
	archiveVersion = 1;
	classes = {
	};
	objectVersion = 56;
	objects = {
/* Begin PBXBuildFile section */
		000000000000000000000102 /* GameMode.swift in Sources */ = {isa = PBXBuildFile; fileRef = 000000000000000000000101 /* GameMode.swift */; };
		000000000000000000000104 /* HapticsManager.swift in Sources */ = {isa = PBXBuildFile; fileRef = 000000000000000000000103 /* HapticsManager.swift */; };
		000000000000000000000106 /* SessionKeeper.swift in Sources */ = {isa = PBXBuildFile; fileRef = 000000000000000000000105 /* SessionKeeper.swift */; };
		000000000000000000000108 /* SoundManager.swift in Sources */ = {isa = PBXBuildFile; fileRef = 000000000000000000000107 /* SoundManager.swift */; };
		00000000000000000000010A /* ToddlerPlayApp.swift in Sources */ = {isa = PBXBuildFile; fileRef = 000000000000000000000109 /* ToddlerPlayApp.swift */; };
		00000000000000000000010C /* AppState.swift in Sources */ = {isa = PBXBuildFile; fileRef = 00000000000000000000010B /* AppState.swift */; };
		00000000000000000000010E /* ShapeViews.swift in Sources */ = {isa = PBXBuildFile; fileRef = 00000000000000000000010D /* ShapeViews.swift */; };
		000000000000000000000110 /* AnimalFriendsView.swift in Sources */ = {isa = PBXBuildFile; fileRef = 00000000000000000000010F /* AnimalFriendsView.swift */; };
		000000000000000000000112 /* BubblePopView.swift in Sources */ = {isa = PBXBuildFile; fileRef = 000000000000000000000111 /* BubblePopView.swift */; };
		000000000000000000000114 /* SleepyMoonView.swift in Sources */ = {isa = PBXBuildFile; fileRef = 000000000000000000000113 /* SleepyMoonView.swift */; };
		000000000000000000000116 /* SoundGardenView.swift in Sources */ = {isa = PBXBuildFile; fileRef = 000000000000000000000115 /* SoundGardenView.swift */; };
		000000000000000000000118 /* SparkleCanvasView.swift in Sources */ = {isa = PBXBuildFile; fileRef = 000000000000000000000117 /* SparkleCanvasView.swift */; };
		00000000000000000000011A /* MainContainerView.swift in Sources */ = {isa = PBXBuildFile; fileRef = 000000000000000000000119 /* MainContainerView.swift */; };
		00000000000000000000011C /* ParentDashboardView.swift in Sources */ = {isa = PBXBuildFile; fileRef = 00000000000000000000011B /* ParentDashboardView.swift */; };
		00000000000000000000011E /* ParentGuideView.swift in Sources */ = {isa = PBXBuildFile; fileRef = 00000000000000000000011D /* ParentGuideView.swift */; };
		000000000000000000000120 /* ParentShieldButton.swift in Sources */ = {isa = PBXBuildFile; fileRef = 00000000000000000000011F /* ParentShieldButton.swift */; };
		000000000000000000000122 /* Assets.xcassets in Resources */ = {isa = PBXBuildFile; fileRef = 000000000000000000000121 /* Assets.xcassets */; };
		000000000000000000000124 /* PrivacyInfo.xcprivacy in Resources */ = {isa = PBXBuildFile; fileRef = 000000000000000000000123 /* PrivacyInfo.xcprivacy */; };
		000000000000000000000126 /* boing.wav in Resources */ = {isa = PBXBuildFile; fileRef = 000000000000000000000125 /* boing.wav */; };
		000000000000000000000128 /* bubble_pop.wav in Resources */ = {isa = PBXBuildFile; fileRef = 000000000000000000000127 /* bubble_pop.wav */; };
		00000000000000000000012A /* chime_a4.wav in Resources */ = {isa = PBXBuildFile; fileRef = 000000000000000000000129 /* chime_a4.wav */; };
		00000000000000000000012C /* chime_c4.wav in Resources */ = {isa = PBXBuildFile; fileRef = 00000000000000000000012B /* chime_c4.wav */; };
		00000000000000000000012E /* chime_c5.wav in Resources */ = {isa = PBXBuildFile; fileRef = 00000000000000000000012D /* chime_c5.wav */; };
		000000000000000000000130 /* chime_d4.wav in Resources */ = {isa = PBXBuildFile; fileRef = 00000000000000000000012F /* chime_d4.wav */; };
		000000000000000000000132 /* chime_e4.wav in Resources */ = {isa = PBXBuildFile; fileRef = 000000000000000000000131 /* chime_e4.wav */; };
		000000000000000000000134 /* chime_g4.wav in Resources */ = {isa = PBXBuildFile; fileRef = 000000000000000000000133 /* chime_g4.wav */; };
		000000000000000000000136 /* lullaby.wav in Resources */ = {isa = PBXBuildFile; fileRef = 000000000000000000000135 /* lullaby.wav */; };
		000000000000000000000138 /* meow.wav in Resources */ = {isa = PBXBuildFile; fileRef = 000000000000000000000137 /* meow.wav */; };
		00000000000000000000013A /* moo.wav in Resources */ = {isa = PBXBuildFile; fileRef = 000000000000000000000139 /* moo.wav */; };
		00000000000000000000013C /* quack.wav in Resources */ = {isa = PBXBuildFile; fileRef = 00000000000000000000013B /* quack.wav */; };
		00000000000000000000013E /* ribbit.wav in Resources */ = {isa = PBXBuildFile; fileRef = 00000000000000000000013D /* ribbit.wav */; };
		000000000000000000000140 /* sparkle.wav in Resources */ = {isa = PBXBuildFile; fileRef = 00000000000000000000013F /* sparkle.wav */; };
		000000000000000000000142 /* unlock.wav in Resources */ = {isa = PBXBuildFile; fileRef = 000000000000000000000141 /* unlock.wav */; };
		000000000000000000000144 /* woof.wav in Resources */ = {isa = PBXBuildFile; fileRef = 000000000000000000000143 /* woof.wav */; };
/* End PBXBuildFile section */

/* Begin PBXFileReference section */
		000700070007000700070007 /* ToddlerPlay.app */ = {isa = PBXFileReference; explicitFileType = wrapper.application; includeInIndex = 0; path = ToddlerPlay.app; sourceTree = BUILT_PRODUCTS_DIR; };
		000000000000000000000101 /* GameMode.swift */ = {isa = PBXFileReference; lastKnownFileType = sourcecode.swift; path = "ToddlerPlay/Sources/Models/GameMode.swift"; sourceTree = "<group>"; };
		000000000000000000000103 /* HapticsManager.swift */ = {isa = PBXFileReference; lastKnownFileType = sourcecode.swift; path = "ToddlerPlay/Sources/Services/HapticsManager.swift"; sourceTree = "<group>"; };
		000000000000000000000105 /* SessionKeeper.swift */ = {isa = PBXFileReference; lastKnownFileType = sourcecode.swift; path = "ToddlerPlay/Sources/Services/SessionKeeper.swift"; sourceTree = "<group>"; };
		000000000000000000000107 /* SoundManager.swift */ = {isa = PBXFileReference; lastKnownFileType = sourcecode.swift; path = "ToddlerPlay/Sources/Services/SoundManager.swift"; sourceTree = "<group>"; };
		000000000000000000000109 /* ToddlerPlayApp.swift */ = {isa = PBXFileReference; lastKnownFileType = sourcecode.swift; path = "ToddlerPlay/Sources/ToddlerPlayApp.swift"; sourceTree = "<group>"; };
		00000000000000000000010B /* AppState.swift */ = {isa = PBXFileReference; lastKnownFileType = sourcecode.swift; path = "ToddlerPlay/Sources/ViewModels/AppState.swift"; sourceTree = "<group>"; };
		00000000000000000000010D /* ShapeViews.swift */ = {isa = PBXFileReference; lastKnownFileType = sourcecode.swift; path = "ToddlerPlay/Sources/Views/Components/ShapeViews.swift"; sourceTree = "<group>"; };
		00000000000000000000010F /* AnimalFriendsView.swift */ = {isa = PBXFileReference; lastKnownFileType = sourcecode.swift; path = "ToddlerPlay/Sources/Views/Games/AnimalFriendsView.swift"; sourceTree = "<group>"; };
		000000000000000000000111 /* BubblePopView.swift */ = {isa = PBXFileReference; lastKnownFileType = sourcecode.swift; path = "ToddlerPlay/Sources/Views/Games/BubblePopView.swift"; sourceTree = "<group>"; };
		000000000000000000000113 /* SleepyMoonView.swift */ = {isa = PBXFileReference; lastKnownFileType = sourcecode.swift; path = "ToddlerPlay/Sources/Views/Games/SleepyMoonView.swift"; sourceTree = "<group>"; };
		000000000000000000000115 /* SoundGardenView.swift */ = {isa = PBXFileReference; lastKnownFileType = sourcecode.swift; path = "ToddlerPlay/Sources/Views/Games/SoundGardenView.swift"; sourceTree = "<group>"; };
		000000000000000000000117 /* SparkleCanvasView.swift */ = {isa = PBXFileReference; lastKnownFileType = sourcecode.swift; path = "ToddlerPlay/Sources/Views/Games/SparkleCanvasView.swift"; sourceTree = "<group>"; };
		000000000000000000000119 /* MainContainerView.swift */ = {isa = PBXFileReference; lastKnownFileType = sourcecode.swift; path = "ToddlerPlay/Sources/Views/MainContainerView.swift"; sourceTree = "<group>"; };
		00000000000000000000011B /* ParentDashboardView.swift */ = {isa = PBXFileReference; lastKnownFileType = sourcecode.swift; path = "ToddlerPlay/Sources/Views/ParentLock/ParentDashboardView.swift"; sourceTree = "<group>"; };
		00000000000000000000011D /* ParentGuideView.swift */ = {isa = PBXFileReference; lastKnownFileType = sourcecode.swift; path = "ToddlerPlay/Sources/Views/ParentLock/ParentGuideView.swift"; sourceTree = "<group>"; };
		00000000000000000000011F /* ParentShieldButton.swift */ = {isa = PBXFileReference; lastKnownFileType = sourcecode.swift; path = "ToddlerPlay/Sources/Views/ParentLock/ParentShieldButton.swift"; sourceTree = "<group>"; };
		000000000000000000000121 /* Assets.xcassets */ = {isa = PBXFileReference; lastKnownFileType = folder.assetcatalog; path = "ToddlerPlay/Resources/Assets.xcassets"; sourceTree = "<group>"; };
		000000000000000000000123 /* PrivacyInfo.xcprivacy */ = {isa = PBXFileReference; lastKnownFileType = text.xml; path = "ToddlerPlay/Resources/PrivacyInfo.xcprivacy"; sourceTree = "<group>"; };
		000000000000000000000125 /* boing.wav */ = {isa = PBXFileReference; lastKnownFileType = audio.wav; path = "ToddlerPlay/Resources/Sounds/boing.wav"; sourceTree = "<group>"; };
		000000000000000000000127 /* bubble_pop.wav */ = {isa = PBXFileReference; lastKnownFileType = audio.wav; path = "ToddlerPlay/Resources/Sounds/bubble_pop.wav"; sourceTree = "<group>"; };
		000000000000000000000129 /* chime_a4.wav */ = {isa = PBXFileReference; lastKnownFileType = audio.wav; path = "ToddlerPlay/Resources/Sounds/chime_a4.wav"; sourceTree = "<group>"; };
		00000000000000000000012B /* chime_c4.wav */ = {isa = PBXFileReference; lastKnownFileType = audio.wav; path = "ToddlerPlay/Resources/Sounds/chime_c4.wav"; sourceTree = "<group>"; };
		00000000000000000000012D /* chime_c5.wav */ = {isa = PBXFileReference; lastKnownFileType = audio.wav; path = "ToddlerPlay/Resources/Sounds/chime_c5.wav"; sourceTree = "<group>"; };
		00000000000000000000012F /* chime_d4.wav */ = {isa = PBXFileReference; lastKnownFileType = audio.wav; path = "ToddlerPlay/Resources/Sounds/chime_d4.wav"; sourceTree = "<group>"; };
		000000000000000000000131 /* chime_e4.wav */ = {isa = PBXFileReference; lastKnownFileType = audio.wav; path = "ToddlerPlay/Resources/Sounds/chime_e4.wav"; sourceTree = "<group>"; };
		000000000000000000000133 /* chime_g4.wav */ = {isa = PBXFileReference; lastKnownFileType = audio.wav; path = "ToddlerPlay/Resources/Sounds/chime_g4.wav"; sourceTree = "<group>"; };
		000000000000000000000135 /* lullaby.wav */ = {isa = PBXFileReference; lastKnownFileType = audio.wav; path = "ToddlerPlay/Resources/Sounds/lullaby.wav"; sourceTree = "<group>"; };
		000000000000000000000137 /* meow.wav */ = {isa = PBXFileReference; lastKnownFileType = audio.wav; path = "ToddlerPlay/Resources/Sounds/meow.wav"; sourceTree = "<group>"; };
		000000000000000000000139 /* moo.wav */ = {isa = PBXFileReference; lastKnownFileType = audio.wav; path = "ToddlerPlay/Resources/Sounds/moo.wav"; sourceTree = "<group>"; };
		00000000000000000000013B /* quack.wav */ = {isa = PBXFileReference; lastKnownFileType = audio.wav; path = "ToddlerPlay/Resources/Sounds/quack.wav"; sourceTree = "<group>"; };
		00000000000000000000013D /* ribbit.wav */ = {isa = PBXFileReference; lastKnownFileType = audio.wav; path = "ToddlerPlay/Resources/Sounds/ribbit.wav"; sourceTree = "<group>"; };
		00000000000000000000013F /* sparkle.wav */ = {isa = PBXFileReference; lastKnownFileType = audio.wav; path = "ToddlerPlay/Resources/Sounds/sparkle.wav"; sourceTree = "<group>"; };
		000000000000000000000141 /* unlock.wav */ = {isa = PBXFileReference; lastKnownFileType = audio.wav; path = "ToddlerPlay/Resources/Sounds/unlock.wav"; sourceTree = "<group>"; };
		000000000000000000000143 /* woof.wav */ = {isa = PBXFileReference; lastKnownFileType = audio.wav; path = "ToddlerPlay/Resources/Sounds/woof.wav"; sourceTree = "<group>"; };
/* End PBXFileReference section */

/* Begin PBXFrameworksBuildPhase section */
		000A000A000A000A000A000A /* Frameworks */ = {
			isa = PBXFrameworksBuildPhase;
			buildActionMask = 2147483647;
			files = (
			);
			runOnlyForDeploymentPostprocessing = 0;
		};
/* End PBXFrameworksBuildPhase section */

/* Begin PBXGroup section */
		000300030003000300030003 = {
			isa = PBXGroup;
			children = (
				000400040004000400040004 /* Sources */,
				000500050005000500050005 /* Resources */,
				000600060006000600060006 /* Products */,
			);
			sourceTree = "<group>";
		};
		000400040004000400040004 /* Sources */ = {
			isa = PBXGroup;
			children = (
				000000000000000000000101 /* GameMode.swift */,
				000000000000000000000103 /* HapticsManager.swift */,
				000000000000000000000105 /* SessionKeeper.swift */,
				000000000000000000000107 /* SoundManager.swift */,
				000000000000000000000109 /* ToddlerPlayApp.swift */,
				00000000000000000000010B /* AppState.swift */,
				00000000000000000000010D /* ShapeViews.swift */,
				00000000000000000000010F /* AnimalFriendsView.swift */,
				000000000000000000000111 /* BubblePopView.swift */,
				000000000000000000000113 /* SleepyMoonView.swift */,
				000000000000000000000115 /* SoundGardenView.swift */,
				000000000000000000000117 /* SparkleCanvasView.swift */,
				000000000000000000000119 /* MainContainerView.swift */,
				00000000000000000000011B /* ParentDashboardView.swift */,
				00000000000000000000011D /* ParentGuideView.swift */,
				00000000000000000000011F /* ParentShieldButton.swift */,
			);
			name = Sources;
			sourceTree = "<group>";
		};
		000500050005000500050005 /* Resources */ = {
			isa = PBXGroup;
			children = (
				000000000000000000000121 /* Assets.xcassets */,
				000000000000000000000123 /* PrivacyInfo.xcprivacy */,
				000000000000000000000125 /* boing.wav */,
				000000000000000000000127 /* bubble_pop.wav */,
				000000000000000000000129 /* chime_a4.wav */,
				00000000000000000000012B /* chime_c4.wav */,
				00000000000000000000012D /* chime_c5.wav */,
				00000000000000000000012F /* chime_d4.wav */,
				000000000000000000000131 /* chime_e4.wav */,
				000000000000000000000133 /* chime_g4.wav */,
				000000000000000000000135 /* lullaby.wav */,
				000000000000000000000137 /* meow.wav */,
				000000000000000000000139 /* moo.wav */,
				00000000000000000000013B /* quack.wav */,
				00000000000000000000013D /* ribbit.wav */,
				00000000000000000000013F /* sparkle.wav */,
				000000000000000000000141 /* unlock.wav */,
				000000000000000000000143 /* woof.wav */,
			);
			name = Resources;
			sourceTree = "<group>";
		};
		000600060006000600060006 /* Products */ = {
			isa = PBXGroup;
			children = (
				000700070007000700070007 /* ToddlerPlay.app */,
			);
			name = Products;
			sourceTree = "<group>";
		};
/* End PBXGroup section */

/* Begin PBXNativeTarget section */
		000200020002000200020002 /* ToddlerPlay */ = {
			isa = PBXNativeTarget;
			buildConfigurationList = 000E000E000E000E000E000E /* Build configuration list for PBXNativeTarget "ToddlerPlay" */;
			buildPhases = (
				000800080008000800080008 /* Sources */,
				000A000A000A000A000A000A /* Frameworks */,
				000900090009000900090009 /* Resources */,
			);
			buildRules = (
			);
			dependencies = (
			);
			name = ToddlerPlay;
			productName = ToddlerPlay;
			productReference = 000700070007000700070007 /* ToddlerPlay.app */;
			productType = "com.apple.product-type.application";
		};
/* End PBXNativeTarget section */

/* Begin PBXProject section */
		000100010001000100010001 /* Project object */ = {
			isa = PBXProject;
			attributes = {
				BuildIndependentTargetsInParallel = 1;
				LastUpgradeCheck = 1500;
				TargetAttributes = {
					000200020002000200020002 = {
						CreatedOnToolsVersion = 15.0;
					};
				};
			};
			buildConfigurationList = 000B000B000B000B000B000B /* Build configuration list for PBXProject "ToddlerPlay" */;
			compatibilityVersion = "Xcode 14.0";
			developmentRegion = en;
			hasScannedForEncodings = 0;
			knownRegions = (
				en,
				Base,
			);
			mainGroup = 000300030003000300030003;
			productRefGroup = 000600060006000600060006 /* Products */;
			projectDirPath = "";
			projectRoot = "";
			targets = (
				000200020002000200020002 /* ToddlerPlay */,
			);
		};
/* End PBXProject section */

/* Begin PBXResourcesBuildPhase section */
		000900090009000900090009 /* Resources */ = {
			isa = PBXResourcesBuildPhase;
			buildActionMask = 2147483647;
			files = (
				000000000000000000000122 /* Assets.xcassets in Resources */,
				000000000000000000000124 /* PrivacyInfo.xcprivacy in Resources */,
				000000000000000000000126 /* boing.wav in Resources */,
				000000000000000000000128 /* bubble_pop.wav in Resources */,
				00000000000000000000012A /* chime_a4.wav in Resources */,
				00000000000000000000012C /* chime_c4.wav in Resources */,
				00000000000000000000012E /* chime_c5.wav in Resources */,
				000000000000000000000130 /* chime_d4.wav in Resources */,
				000000000000000000000132 /* chime_e4.wav in Resources */,
				000000000000000000000134 /* chime_g4.wav in Resources */,
				000000000000000000000136 /* lullaby.wav in Resources */,
				000000000000000000000138 /* meow.wav in Resources */,
				00000000000000000000013A /* moo.wav in Resources */,
				00000000000000000000013C /* quack.wav in Resources */,
				00000000000000000000013E /* ribbit.wav in Resources */,
				000000000000000000000140 /* sparkle.wav in Resources */,
				000000000000000000000142 /* unlock.wav in Resources */,
				000000000000000000000144 /* woof.wav in Resources */,
			);
			runOnlyForDeploymentPostprocessing = 0;
		};
/* End PBXResourcesBuildPhase section */

/* Begin PBXSourcesBuildPhase section */
		000800080008000800080008 /* Sources */ = {
			isa = PBXSourcesBuildPhase;
			buildActionMask = 2147483647;
			files = (
				000000000000000000000102 /* GameMode.swift in Sources */,
				000000000000000000000104 /* HapticsManager.swift in Sources */,
				000000000000000000000106 /* SessionKeeper.swift in Sources */,
				000000000000000000000108 /* SoundManager.swift in Sources */,
				00000000000000000000010A /* ToddlerPlayApp.swift in Sources */,
				00000000000000000000010C /* AppState.swift in Sources */,
				00000000000000000000010E /* ShapeViews.swift in Sources */,
				000000000000000000000110 /* AnimalFriendsView.swift in Sources */,
				000000000000000000000112 /* BubblePopView.swift in Sources */,
				000000000000000000000114 /* SleepyMoonView.swift in Sources */,
				000000000000000000000116 /* SoundGardenView.swift in Sources */,
				000000000000000000000118 /* SparkleCanvasView.swift in Sources */,
				00000000000000000000011A /* MainContainerView.swift in Sources */,
				00000000000000000000011C /* ParentDashboardView.swift in Sources */,
				00000000000000000000011E /* ParentGuideView.swift in Sources */,
				000000000000000000000120 /* ParentShieldButton.swift in Sources */,
			);
			runOnlyForDeploymentPostprocessing = 0;
		};
/* End PBXSourcesBuildPhase section */

/* Begin XCBuildConfiguration section */
		000C000C000C000C000C000C /* Debug */ = {
			isa = XCBuildConfiguration;
			buildSettings = {
				ALWAYS_SEARCH_USER_PATHS = NO;
				CLANG_ANALYZER_NONNULL = YES;
				CLANG_CXX_LANGUAGE_STANDARD = "gnu++20";
				CLANG_ENABLE_MODULES = YES;
				CLANG_ENABLE_OBJC_ARC = YES;
				COPY_PHASE_STRIP = NO;
				DEBUG_INFORMATION_FORMAT = dwarf;
				ENABLE_STRICT_OBJC_MSGSEND = YES;
				ENABLE_TESTABILITY = YES;
				GCC_OPTIMIZATION_LEVEL = 0;
				GCC_PREPROCESSOR_DEFINITIONS = (
					"DEBUG=1",
					"$(inherited)",
				);
				MTL_ENABLE_DEBUG_INFO = INCLUDE_SOURCE;
				MTL_FAST_MATH = YES;
				ONLY_ACTIVE_ARCH = YES;
				SDKROOT = watchos;
				WATCHOS_DEPLOYMENT_TARGET = 10.0;
			};
			name = Debug;
		};
		000D000D000D000D000D000D /* Release */ = {
			isa = XCBuildConfiguration;
			buildSettings = {
				ALWAYS_SEARCH_USER_PATHS = NO;
				CLANG_ANALYZER_NONNULL = YES;
				CLANG_CXX_LANGUAGE_STANDARD = "gnu++20";
				CLANG_ENABLE_MODULES = YES;
				CLANG_ENABLE_OBJC_ARC = YES;
				COPY_PHASE_STRIP = NO;
				DEBUG_INFORMATION_FORMAT = "dwarf-with-dsym";
				ENABLE_NS_ASSERTIONS = NO;
				ENABLE_STRICT_OBJC_MSGSEND = YES;
				GCC_OPTIMIZATION_LEVEL = s;
				MTL_ENABLE_DEBUG_INFO = NO;
				MTL_FAST_MATH = YES;
				SDKROOT = watchos;
				WATCHOS_DEPLOYMENT_TARGET = 10.0;
			};
			name = Release;
		};
		000F000F000F000F000F000F /* Debug */ = {
			isa = XCBuildConfiguration;
			buildSettings = {
				ASSETCATALOG_COMPILER_APPICON_NAME = AppIcon;
				ASSETCATALOG_COMPILER_GLOBAL_ACCENT_COLOR_NAME = AccentColor;
				CODE_SIGN_STYLE = Automatic;
				CODE_SIGN_IDENTITY = "-";
				DEVELOPMENT_TEAM = "";
				ENABLE_PREVIEWS = YES;
				GENERATE_INFOPLIST_FILE = YES;
				INFOPLIST_KEY_CFBundleDisplayName = "TinyTouch";
				INFOPLIST_KEY_UISupportedInterfaceOrientations = "UIInterfaceOrientationPortrait UIInterfaceOrientationPortraitUpsideDown";
				INFOPLIST_KEY_WKApplication = YES;
				INFOPLIST_KEY_WKWatchOnly = YES;
				INFOPLIST_KEY_WKBackgroundModes = "self-care";
				MARKETING_VERSION = 1.0.0;
				CURRENT_PROJECT_VERSION = 1;
				INFOPLIST_KEY_CFBundleShortVersionString = 1.0.0;
				INFOPLIST_KEY_CFBundleVersion = 1;
				LD_RUNPATH_SEARCH_PATHS = (
					"$(inherited)",
					"@executable_path/Frameworks",
				);
				PRODUCT_BUNDLE_IDENTIFIER = com.tianhaoz.tinytouch;
				PRODUCT_NAME = "$(TARGET_NAME)";
				SDKROOT = watchos;
				SKIP_INSTALL = NO;
				SWIFT_ACTIVE_COMPILATION_CONDITIONS = "DEBUG $(inherited)";
				SWIFT_OPTIMIZATION_LEVEL = "-Onone";
				SWIFT_VERSION = 5.0;
				TARGETED_DEVICE_FAMILY = 4;
				WATCHOS_DEPLOYMENT_TARGET = 10.0;
			};
			name = Debug;
		};
		001000100010001000100010 /* Release */ = {
			isa = XCBuildConfiguration;
			buildSettings = {
				ASSETCATALOG_COMPILER_APPICON_NAME = AppIcon;
				ASSETCATALOG_COMPILER_GLOBAL_ACCENT_COLOR_NAME = AccentColor;
				CODE_SIGN_STYLE = Automatic;
				CODE_SIGN_IDENTITY = "-";
				DEVELOPMENT_TEAM = "";
				ENABLE_PREVIEWS = YES;
				GENERATE_INFOPLIST_FILE = YES;
				INFOPLIST_KEY_CFBundleDisplayName = "TinyTouch";
				INFOPLIST_KEY_UISupportedInterfaceOrientations = "UIInterfaceOrientationPortrait UIInterfaceOrientationPortraitUpsideDown";
				INFOPLIST_KEY_WKApplication = YES;
				INFOPLIST_KEY_WKWatchOnly = YES;
				INFOPLIST_KEY_WKBackgroundModes = "self-care";
				MARKETING_VERSION = 1.0.0;
				CURRENT_PROJECT_VERSION = 1;
				INFOPLIST_KEY_CFBundleShortVersionString = 1.0.0;
				INFOPLIST_KEY_CFBundleVersion = 1;
				LD_RUNPATH_SEARCH_PATHS = (
					"$(inherited)",
					"@executable_path/Frameworks",
				);
				PRODUCT_BUNDLE_IDENTIFIER = com.tianhaoz.tinytouch;
				PRODUCT_NAME = "$(TARGET_NAME)";
				SDKROOT = watchos;
				SKIP_INSTALL = NO;
				SWIFT_OPTIMIZATION_LEVEL = "-O";
				SWIFT_VERSION = 5.0;
				TARGETED_DEVICE_FAMILY = 4;
				WATCHOS_DEPLOYMENT_TARGET = 10.0;
			};
			name = Release;
		};
/* End XCBuildConfiguration section */

/* Begin XCConfigurationList section */
		000B000B000B000B000B000B /* Build configuration list for PBXProject "ToddlerPlay" */ = {
			isa = XCConfigurationList;
			buildConfigurations = (
				000C000C000C000C000C000C /* Debug */,
				000D000D000D000D000D000D /* Release */,
			);
			defaultConfigurationIsVisible = 0;
			defaultConfigurationName = Release;
		};
		000E000E000E000E000E000E /* Build configuration list for PBXNativeTarget "ToddlerPlay" */ = {
			isa = XCConfigurationList;
			buildConfigurations = (
				000F000F000F000F000F000F /* Debug */,
				001000100010001000100010 /* Release */,
			);
			defaultConfigurationIsVisible = 0;
			defaultConfigurationName = Release;
		};
/* End XCConfigurationList section */

	};
	rootObject = 000100010001000100010001 /* Project object */;
}
